// !$*UTF8*$!
{
	archiveVersion = 1;
	classes = {
	};
	objectVersion = 50;
	objects = {

/* Begin PBXBuildFile section */
		28E33AB92430AC2D00969E14 /* AppDelegate.swift in Sources */ = {isa = PBXBuildFile; fileRef = 28E33AB82430AC2D00969E14 /* AppDelegate.swift */; };
		28E33ABB2430AC2D00969E14 /* SceneDelegate.swift in Sources */ = {isa = PBXBuildFile; fileRef = 28E33ABA2430AC2D00969E14 /* SceneDelegate.swift */; };
		28E33AC02430AC2D00969E14 /* Main.storyboard in Resources */ = {isa = PBXBuildFile; fileRef = 28E33ABE2430AC2D00969E14 /* Main.storyboard */; };
		28E33AC22430AC2E00969E14 /* Assets.xcassets in Resources */ = {isa = PBXBuildFile; fileRef = 28E33AC12430AC2E00969E14 /* Assets.xcassets */; };
		28E33AC52430AC2E00969E14 /* LaunchScreen.storyboard in Resources */ = {isa = PBXBuildFile; fileRef = 28E33AC32430AC2E00969E14 /* LaunchScreen.storyboard */; };
		28E33ACD2430ACAF00969E14 /* QuoteTableViewController.swift in Sources */ = {isa = PBXBuildFile; fileRef = 28E33ACC2430ACAF00969E14 /* QuoteTableViewController.swift */; };
		28E33AD02430B78F00969E14 /* StoreKit.framework in Frameworks */ = {isa = PBXBuildFile; fileRef = 28E33ACF2430B78F00969E14 /* StoreKit.framework */; };
/* End PBXBuildFile section */

/* Begin PBXFileReference section */
		28E33AB52430AC2D00969E14 /* ios_in_app_purchase_example.app */ = {isa = PBXFileReference; explicitFileType = wrapper.application; includeInIndex = 0; path = ios_in_app_purchase_example.app; sourceTree = BUILT_PRODUCTS_DIR; };
		28E33AB82430AC2D00969E14 /* AppDelegate.swift */ = {isa = PBXFileReference; lastKnownFileType = sourcecode.swift; path = AppDelegate.swift; sourceTree = "<group>"; };
		28E33ABA2430AC2D00969E14 /* SceneDelegate.swift */ = {isa = PBXFileReference; lastKnownFileType = sourcecode.swift; path = SceneDelegate.swift; sourceTree = "<group>"; };
		28E33ABF2430AC2D00969E14 /* Base */ = {isa = PBXFileReference; lastKnownFileType = file.storyboard; name = Base; path = Base.lproj/Main.storyboard; sourceTree = "<group>"; };
		28E33AC12430AC2E00969E14 /* Assets.xcassets */ = {isa = PBXFileReference; lastKnownFileType = folder.assetcatalog; path = Assets.xcassets; sourceTree = "<group>"; };
		28E33AC42430AC2E00969E14 /* Base */ = {isa = PBXFileReference; lastKnownFileType = file.storyboard; name = Base; path = Base.lproj/LaunchScreen.storyboard; sourceTree = "<group>"; };
		28E33AC62430AC2E00969E14 /* Info.plist */ = {isa = PBXFileReference; lastKnownFileType = text.plist.xml; path = Info.plist; sourceTree = "<group>"; };
		28E33ACC2430ACAF00969E14 /* QuoteTableViewController.swift */ = {isa = PBXFileReference; lastKnownFileType = sourcecode.swift; path = QuoteTableViewController.swift; sourceTree = "<group>"; };
		28E33ACF2430B78F00969E14 /* StoreKit.framework */ = {isa = PBXFileReference; lastKnownFileType = wrapper.framework; name = StoreKit.framework; path = System/Library/Frameworks/StoreKit.framework; sourceTree = SDKROOT; };
/* End PBXFileReference section */

/* Begin PBXFrameworksBuildPhase section */
		28E33AB22430AC2D00969E14 /* Frameworks */ = {
			isa = PBXFrameworksBuildPhase;
			buildActionMask = 2147483647;
			files = (
				28E33AD02430B78F00969E14 /* StoreKit.framework in Frameworks */,
			);
			runOnlyForDeploymentPostprocessing = 0;
		};
/* End PBXFrameworksBuildPhase section */

/* Begin PBXGroup section */
		28E33AAC2430AC2D00969E14 = {
			isa = PBXGroup;
			children = (
				28E33AB72430AC2D00969E14 /* ios_in_app_purchase_example */,
				28E33AB62430AC2D00969E14 /* Products */,
				28E33ACE2430B78F00969E14 /* Frameworks */,
			);
			sourceTree = "<group>";
		};
		28E33AB62430AC2D00969E14 /* Products */ = {
			isa = PBXGroup;
			children = (
				28E33AB52430AC2D00969E14 /* ios_in_app_purchase_example.app */,
			);
			name = Products;
			sourceTree = "<group>";
		};
		28E33AB72430AC2D00969E14 /* ios_in_app_purchase_example */ = {
			isa = PBXGroup;
			children = (
				28E33AB82430AC2D00969E14 /* AppDelegate.swift */,
				28E33ABA2430AC2D00969E14 /* SceneDelegate.swift */,
				28E33ACC2430ACAF00969E14 /* QuoteTableViewController.swift */,
				28E33ABE2430AC2D00969E14 /* Main.storyboard */,
				28E33AC12430AC2E00969E14 /* Assets.xcassets */,
				28E33AC32430AC2E00969E14 /* LaunchScreen.storyboard */,
				28E33AC62430AC2E00969E14 /* Info.plist */,
			);
			path = ios_in_app_purchase_example;
			sourceTree = "<group>";
		};
		28E33ACE2430B78F00969E14 /* Frameworks */ = {
			isa = PBXGroup;
			children = (
				28E33ACF2430B78F00969E14 /* StoreKit.framework */,
			);
			name = Frameworks;
			sourceTree = "<group>";
		};
/* End PBXGroup section */

/* Begin PBXNativeTarget section */
		28E33AB42430AC2D00969E14 /* ios_in_app_purchase_example */ = {
			isa = PBXNativeTarget;
			buildConfigurationList = 28E33AC92430AC2E00969E14 /* Build configuration list for PBXNativeTarget "ios_in_app_purchase_example" */;
			buildPhases = (
				28E33AB12430AC2D00969E14 /* Sources */,
				28E33AB22430AC2D00969E14 /* Frameworks */,
				28E33AB32430AC2D00969E14 /* Resources */,
			);
			buildRules = (
			);
			dependencies = (
			);
			name = ios_in_app_purchase_example;
			productName = ios_in_app_purchase_example;
			productReference = 28E33AB52430AC2D00969E14 /* ios_in_app_purchase_example.app */;
			productType = "com.apple.product-type.application";
		};
/* End PBXNativeTarget section */

/* Begin PBXProject section */
		28E33AAD2430AC2D00969E14 /* Project object */ = {
			isa = PBXProject;
			attributes = {
				LastSwiftUpdateCheck = 1140;
				LastUpgradeCheck = 1140;
				ORGANIZATIONNAME = "shin seunghyun";
				TargetAttributes = {
					28E33AB42430AC2D00969E14 = {
						CreatedOnToolsVersion = 11.4;
					};
				};
			};
			buildConfigurationList = 28E33AB02430AC2D00969E14 /* Build configuration list for PBXProject "ios_in_app_purchase_example" */;
			compatibilityVersion = "Xcode 9.3";
			developmentRegion = en;
			hasScannedForEncodings = 0;
			knownRegions = (
				en,
				Base,
			);
			mainGroup = 28E33AAC2430AC2D00969E14;
			productRefGroup = 28E33AB62430AC2D00969E14 /* Products */;
			projectDirPath = "";
			projectRoot = "";
			targets = (
				28E33AB42430AC2D00969E14 /* ios_in_app_purchase_example */,
			);
		};
/* End PBXProject section */

/* Begin PBXResourcesBuildPhase section */
		28E33AB32430AC2D00969E14 /* Resources */ = {
			isa = PBXResourcesBuildPhase;
			buildActionMask = 2147483647;
			files = (
				28E33AC52430AC2E00969E14 /* LaunchScreen.storyboard in Resources */,
				28E33AC22430AC2E00969E14 /* Assets.xcassets in Resources */,
				28E33AC02430AC2D00969E14 /* Main.storyboard in Resources */,
			);
			runOnlyForDeploymentPostprocessing = 0;
		};
/* End PBXResourcesBuildPhase section */

/* Begin PBXSourcesBuildPhase section */
		28E33AB12430AC2D00969E14 /* Sources */ = {
			isa = PBXSourcesBuildPhase;
			buildActionMask = 2147483647;
			files = (
				28E33AB92430AC2D00969E14 /* AppDelegate.swift in Sources */,
				28E33ACD2430ACAF00969E14 /* QuoteTableViewController.swift in Sources */,
				28E33ABB2430AC2D00969E14 /* SceneDelegate.swift in Sources */,
			);
			runOnlyForDeploymentPostprocessing = 0;
		};
/* End PBXSourcesBuildPhase section */

/* Begin PBXVariantGroup section */
		28E33ABE2430AC2D00969E14 /* Main.storyboard */ = {
			isa = PBXVariantGroup;
			children = (
				28E33ABF2430AC2D00969E14 /* Base */,
			);
			name = Main.storyboard;
			sourceTree = "<group>";
		};
		28E33AC32430AC2E00969E14 /* LaunchScreen.storyboard */ = {
			isa = PBXVariantGroup;
			children = (
				28E33AC42430AC2E00969E14 /* Base */,
			);
			name = LaunchScreen.storyboard;
			sourceTree = "<group>";
		};
/* End PBXVariantGroup section */

/* Begin XCBuildConfiguration section */
		28E33AC72430AC2E00969E14 /* Debug */ = {
			isa = XCBuildConfiguration;
			buildSettings = {
				ALWAYS_SEARCH_USER_PATHS = NO;
				CLANG_ANALYZER_NONNULL = YES;
				CLANG_ANALYZER_NUMBER_OBJECT_CONVERSION = YES_AGGRESSIVE;
				CLANG_CXX_LANGUAGE_STANDARD = "gnu++14";
				CLANG_CXX_LIBRARY = "libc++";
				CLANG_ENABLE_MODULES = YES;
				CLANG_ENABLE_OBJC_ARC = YES;
				CLANG_ENABLE_OBJC_WEAK = YES;
				CLANG_WARN_BLOCK_CAPTURE_AUTORELEASING = YES;
				CLANG_WARN_BOOL_CONVERSION = YES;
				CLANG_WARN_COMMA = YES;
				CLANG_WARN_CONSTANT_CONVERSION = YES;
				CLANG_WARN_DEPRECATED_OBJC_IMPLEMENTATIONS = YES;
				CLANG_WARN_DIRECT_OBJC_ISA_USAGE = YES_ERROR;
				CLANG_WARN_DOCUMENTATION_COMMENTS = YES;
				CLANG_WARN_EMPTY_BODY = YES;
				CLANG_WARN_ENUM_CONVERSION = YES;
				CLANG_WARN_INFINITE_RECURSION = YES;
				CLANG_WARN_INT_CONVERSION = YES;
				CLANG_WARN_NON_LITERAL_NULL_CONVERSION = YES;
				CLANG_WARN_OBJC_IMPLICIT_RETAIN_SELF = YES;
				CLANG_WARN_OBJC_LITERAL_CONVERSION = YES;
				CLANG_WARN_OBJC_ROOT_CLASS = YES_ERROR;
				CLANG_WARN_RANGE_LOOP_ANALYSIS = YES;
				CLANG_WARN_STRICT_PROTOTYPES = YES;
				CLANG_WARN_SUSPICIOUS_MOVE = YES;
				CLANG_WARN_UNGUARDED_AVAILABILITY = YES_AGGRESSIVE;
				CLANG_WARN_UNREACHABLE_CODE = YES;
				CLANG_WARN__DUPLICATE_METHOD_MATCH = YES;
				COPY_PHASE_STRIP = NO;
				DEBUG_INFORMATION_FORMAT = dwarf;
				ENABLE_STRICT_OBJC_MSGSEND = YES;
				ENABLE_TESTABILITY = YES;
				GCC_C_LANGUAGE_STANDARD = gnu11;
				GCC_DYNAMIC_NO_PIC = NO;
				GCC_NO_COMMON_BLOCKS = YES;
				GCC_OPTIMIZATION_LEVEL = 0;
				GCC_PREPROCESSOR_DEFINITIONS = (
					"DEBUG=1",
					"$(inherited)",
				);
				GCC_WARN_64_TO_32_BIT_CONVERSION = YES;
				GCC_WARN_ABOUT_RETURN_TYPE = YES_ERROR;
				GCC_WARN_UNDECLARED_SELECTOR = YES;
				GCC_WARN_UNINITIALIZED_AUTOS = YES_AGGRESSIVE;
				GCC_WARN_UNUSED_FUNCTION = YES;
				GCC_WARN_UNUSED_VARIABLE = YES;
				IPHONEOS_DEPLOYMENT_TARGET = 13.4;
				MTL_ENABLE_DEBUG_INFO = INCLUDE_SOURCE;
				MTL_FAST_MATH = YES;
				ONLY_ACTIVE_ARCH = YES;
				SDKROOT = iphoneos;
				SWIFT_ACTIVE_COMPILATION_CONDITIONS = DEBUG;
				SWIFT_OPTIMIZATION_LEVEL = "-Onone";
			};
			name = Debug;
		};
		28E33AC82430AC2E00969E14 /* Release */ = {
			isa = XCBuildConfiguration;
			buildSettings = {
				ALWAYS_SEARCH_USER_PATHS = NO;
				CLANG_ANALYZER_NONNULL = YES;
				CLANG_ANALYZER_NUMBER_OBJECT_CONVERSION = YES_AGGRESSIVE;
				CLANG_CXX_LANGUAGE_STANDARD = "gnu++14";
				CLANG_CXX_LIBRARY = "libc++";
				CLANG_ENABLE_MODULES = YES;
				CLANG_ENABLE_OBJC_ARC = YES;
				CLANG_ENABLE_OBJC_WEAK = YES;
				CLANG_WARN_BLOCK_CAPTURE_AUTORELEASING = YES;
				CLANG_WARN_BOOL_CONVERSION = YES;
				CLANG_WARN_COMMA = YES;
				CLANG_WARN_CONSTANT_CONVERSION = YES;
				CLANG_WARN_DEPRECATED_OBJC_IMPLEMENTATIONS = YES;
				CLANG_WARN_DIRECT_OBJC_ISA_USAGE = YES_ERROR;
				CLANG_WARN_DOCUMENTATION_COMMENTS = YES;
				CLANG_WARN_EMPTY_BODY = YES;
				CLANG_WARN_ENUM_CONVERSION = YES;
				CLANG_WARN_INFINITE_RECURSION = YES;
				CLANG_WARN_INT_CONVERSION = YES;
				CLANG_WARN_NON_LITERAL_NULL_CONVERSION = YES;
				CLANG_WARN_OBJC_IMPLICIT_RETAIN_SELF = YES;
				CLANG_WARN_OBJC_LITERAL_CONVERSION = YES;
				CLANG_WARN_OBJC_ROOT_CLASS = YES_ERROR;
				CLANG_WARN_RANGE_LOOP_ANALYSIS = YES;
				CLANG_WARN_STRICT_PROTOTYPES = YES;
				CLANG_WARN_SUSPICIOUS_MOVE = YES;
				CLANG_WARN_UNGUARDED_AVAILABILITY = YES_AGGRESSIVE;
				CLANG_WARN_UNREACHABLE_CODE = YES;
				CLANG_WARN__DUPLICATE_METHOD_MATCH = YES;
				COPY_PHASE_STRIP = NO;
				DEBUG_INFORMATION_FORMAT = "dwarf-with-dsym";
				ENABLE_NS_ASSERTIONS = NO;
				ENABLE_STRICT_OBJC_MSGSEND = YES;
				GCC_C_LANGUAGE_STANDARD = gnu11;
				GCC_NO_COMMON_BLOCKS = YES;
				GCC_WARN_64_TO_32_BIT_CONVERSION = YES;
				GCC_WARN_ABOUT_RETURN_TYPE = YES_ERROR;
				GCC_WARN_UNDECLARED_SELECTOR = YES;
				GCC_WARN_UNINITIALIZED_AUTOS = YES_AGGRESSIVE;
				GCC_WARN_UNUSED_FUNCTION = YES;
				GCC_WARN_UNUSED_VARIABLE = YES;
				IPHONEOS_DEPLOYMENT_TARGET = 13.4;
				MTL_ENABLE_DEBUG_INFO = NO;
				MTL_FAST_MATH = YES;
				SDKROOT = iphoneos;
				SWIFT_COMPILATION_MODE = wholemodule;
				SWIFT_OPTIMIZATION_LEVEL = "-O";
				VALIDATE_PRODUCT = YES;
			};
			name = Release;
		};
		28E33ACA2430AC2E00969E14 /* Debug */ = {
			isa = XCBuildConfiguration;
			buildSettings = {
				ASSETCATALOG_COMPILER_APPICON_NAME = AppIcon;
				CODE_SIGN_STYLE = Automatic;
				DEVELOPMENT_TEAM = 35W7TZ9DUM;
				INFOPLIST_FILE = ios_in_app_purchase_example/Info.plist;
				LD_RUNPATH_SEARCH_PATHS = (
					"$(inherited)",
					"@executable_path/Frameworks",
				);
				PRODUCT_BUNDLE_IDENTIFIER = "paige.ios-in-app-purchase-example";
				PRODUCT_NAME = "$(TARGET_NAME)";
				SWIFT_VERSION = 5.0;
				TARGETED_DEVICE_FAMILY = "1,2";
			};
			name = Debug;
		};
		28E33ACB2430AC2E00969E14 /* Release */ = {
			isa = XCBuildConfiguration;
			buildSettings = {
				ASSETCATALOG_COMPILER_APPICON_NAME = AppIcon;
				CODE_SIGN_STYLE = Automatic;
				DEVELOPMENT_TEAM = 35W7TZ9DUM;
				INFOPLIST_FILE = ios_in_app_purchase_example/Info.plist;
				LD_RUNPATH_SEARCH_PATHS = (
					"$(inherited)",
					"@executable_path/Frameworks",
				);
				PRODUCT_BUNDLE_IDENTIFIER = "paige.ios-in-app-purchase-example";
				PRODUCT_NAME = "$(TARGET_NAME)";
				SWIFT_VERSION = 5.0;
				TARGETED_DEVICE_FAMILY = "1,2";
			};
			name = Release;
		};
/* End XCBuildConfiguration section */

/* Begin XCConfigurationList section */
		28E33AB02430AC2D00969E14 /* Build configuration list for PBXProject "ios_in_app_purchase_example" */ = {
			isa = XCConfigurationList;
			buildConfigurations = (
				28E33AC72430AC2E00969E14 /* Debug */,
				28E33AC82430AC2E00969E14 /* Release */,
			);
			defaultConfigurationIsVisible = 0;
			defaultConfigurationName = Release;
		};
		28E33AC92430AC2E00969E14 /* Build configuration list for PBXNativeTarget "ios_in_app_purchase_example" */ = {
			isa = XCConfigurationList;
			buildConfigurations = (
				28E33ACA2430AC2E00969E14 /* Debug */,
				28E33ACB2430AC2E00969E14 /* Release */,
			);
			defaultConfigurationIsVisible = 0;
			defaultConfigurationName = Release;
		};
/* End XCConfigurationList section */
	};
	rootObject = 28E33AAD2430AC2D00969E14 /* Project object */;
}
